// !$*UTF8*$!
{
	archiveVersion = 1;
	classes = {
	};
	objectVersion = 48;
	objects = {

/* Begin PBXBuildFile section */
		ACCF97241FF22F1E00303A96 /* AppDelegate.m in Sources */ = {isa = PBXBuildFile; fileRef = ACCF97231FF22F1E00303A96 /* AppDelegate.m */; };
		ACCF97271FF22F1E00303A96 /* ViewController.m in Sources */ = {isa = PBXBuildFile; fileRef = ACCF97261FF22F1E00303A96 /* ViewController.m */; };
		ACCF972A1FF22F1E00303A96 /* Main.storyboard in Resources */ = {isa = PBXBuildFile; fileRef = ACCF97281FF22F1E00303A96 /* Main.storyboard */; };
		ACCF972C1FF22F1E00303A96 /* Assets.xcassets in Resources */ = {isa = PBXBuildFile; fileRef = ACCF972B1FF22F1E00303A96 /* Assets.xcassets */; };
		ACCF972F1FF22F1E00303A96 /* LaunchScreen.storyboard in Resources */ = {isa = PBXBuildFile; fileRef = ACCF972D1FF22F1E00303A96 /* LaunchScreen.storyboard */; };
		ACCF97321FF22F1E00303A96 /* main.m in Sources */ = {isa = PBXBuildFile; fileRef = ACCF97311FF22F1E00303A96 /* main.m */; };
/* End PBXBuildFile section */

/* Begin PBXFileReference section */
		ACCF971F1FF22F1D00303A96 /* 多个数合并demo.app */ = {isa = PBXFileReference; explicitFileType = wrapper.application; includeInIndex = 0; path = "多个数合并demo.app"; sourceTree = BUILT_PRODUCTS_DIR; };
		ACCF97221FF22F1D00303A96 /* AppDelegate.h */ = {isa = PBXFileReference; lastKnownFileType = sourcecode.c.h; path = AppDelegate.h; sourceTree = "<group>"; };
		ACCF97231FF22F1E00303A96 /* AppDelegate.m */ = {isa = PBXFileReference; lastKnownFileType = sourcecode.c.objc; path = AppDelegate.m; sourceTree = "<group>"; };
		ACCF97251FF22F1E00303A96 /* ViewController.h */ = {isa = PBXFileReference; lastKnownFileType = sourcecode.c.h; path = ViewController.h; sourceTree = "<group>"; };
		ACCF97261FF22F1E00303A96 /* ViewController.m */ = {isa = PBXFileReference; lastKnownFileType = sourcecode.c.objc; path = ViewController.m; sourceTree = "<group>"; };
		ACCF97291FF22F1E00303A96 /* Base */ = {isa = PBXFileReference; lastKnownFileType = file.storyboard; name = Base; path = Base.lproj/Main.storyboard; sourceTree = "<group>"; };
		ACCF972B1FF22F1E00303A96 /* Assets.xcassets */ = {isa = PBXFileReference; lastKnownFileType = folder.assetcatalog; path = Assets.xcassets; sourceTree = "<group>"; };
		ACCF972E1FF22F1E00303A96 /* Base */ = {isa = PBXFileReference; lastKnownFileType = file.storyboard; name = Base; path = Base.lproj/LaunchScreen.storyboard; sourceTree = "<group>"; };
		ACCF97301FF22F1E00303A96 /* Info.plist */ = {isa = PBXFileReference; lastKnownFileType = text.plist.xml; path = Info.plist; sourceTree = "<group>"; };
		ACCF97311FF22F1E00303A96 /* main.m */ = {isa = PBXFileReference; lastKnownFileType = sourcecode.c.objc; path = main.m; sourceTree = "<group>"; };
/* End PBXFileReference section */

/* Begin PBXFrameworksBuildPhase section */
		ACCF971C1FF22F1D00303A96 /* Frameworks */ = {
			isa = PBXFrameworksBuildPhase;
			buildActionMask = 2147483647;
			files = (
			);
			runOnlyForDeploymentPostprocessing = 0;
		};
/* End PBXFrameworksBuildPhase section */

/* Begin PBXGroup section */
		ACCF97161FF22F1D00303A96 = {
			isa = PBXGroup;
			children = (
				ACCF97211FF22F1D00303A96 /* 多个数合并demo */,
				ACCF97201FF22F1D00303A96 /* Products */,
			);
			sourceTree = "<group>";
		};
		ACCF97201FF22F1D00303A96 /* Products */ = {
			isa = PBXGroup;
			children = (
				ACCF971F1FF22F1D00303A96 /* 多个数合并demo.app */,
			);
			name = Products;
			sourceTree = "<group>";
		};
		ACCF97211FF22F1D00303A96 /* 多个数合并demo */ = {
			isa = PBXGroup;
			children = (
				ACCF97221FF22F1D00303A96 /* AppDelegate.h */,
				ACCF97231FF22F1E00303A96 /* AppDelegate.m */,
				ACCF97251FF22F1E00303A96 /* ViewController.h */,
				ACCF97261FF22F1E00303A96 /* ViewController.m */,
				ACCF97281FF22F1E00303A96 /* Main.storyboard */,
				ACCF972B1FF22F1E00303A96 /* Assets.xcassets */,
				ACCF972D1FF22F1E00303A96 /* LaunchScreen.storyboard */,
				ACCF97301FF22F1E00303A96 /* Info.plist */,
				ACCF97311FF22F1E00303A96 /* main.m */,
			);
			path = "多个数合并demo";
			sourceTree = "<group>";
		};
/* End PBXGroup section */

/* Begin PBXNativeTarget section */
		ACCF971E1FF22F1D00303A96 /* 多个数合并demo */ = {
			isa = PBXNativeTarget;
			buildConfigurationList = ACCF97351FF22F1E00303A96 /* Build configuration list for PBXNativeTarget "多个数合并demo" */;
			buildPhases = (
				ACCF971B1FF22F1D00303A96 /* Sources */,
				ACCF971C1FF22F1D00303A96 /* Frameworks */,
				ACCF971D1FF22F1D00303A96 /* Resources */,
			);
			buildRules = (
			);
			dependencies = (
			);
			name = "多个数合并demo";
			productName = "多个数合并demo";
			productReference = ACCF971F1FF22F1D00303A96 /* 多个数合并demo.app */;
			productType = "com.apple.product-type.application";
		};
/* End PBXNativeTarget section */

/* Begin PBXProject section */
		ACCF97171FF22F1D00303A96 /* Project object */ = {
			isa = PBXProject;
			attributes = {
				LastUpgradeCheck = 0920;
				ORGANIZATIONNAME = Mei;
				TargetAttributes = {
					ACCF971E1FF22F1D00303A96 = {
						CreatedOnToolsVersion = 9.2;
						ProvisioningStyle = Automatic;
					};
				};
			};
			buildConfigurationList = ACCF971A1FF22F1D00303A96 /* Build configuration list for PBXProject "多个数合并demo" */;
			compatibilityVersion = "Xcode 8.0";
			developmentRegion = en;
			hasScannedForEncodings = 0;
			knownRegions = (
				en,
				Base,
			);
			mainGroup = ACCF97161FF22F1D00303A96;
			productRefGroup = ACCF97201FF22F1D00303A96 /* Products */;
			projectDirPath = "";
			projectRoot = "";
			targets = (
				ACCF971E1FF22F1D00303A96 /* 多个数合并demo */,
			);
		};
/* End PBXProject section */

/* Begin PBXResourcesBuildPhase section */
		ACCF971D1FF22F1D00303A96 /* Resources */ = {
			isa = PBXResourcesBuildPhase;
			buildActionMask = 2147483647;
			files = (
				ACCF972F1FF22F1E00303A96 /* LaunchScreen.storyboard in Resources */,
				ACCF972C1FF22F1E00303A96 /* Assets.xcassets in Resources */,
				ACCF972A1FF22F1E00303A96 /* Main.storyboard in Resources */,
			);
			runOnlyForDeploymentPostprocessing = 0;
		};
/* End PBXResourcesBuildPhase section */

/* Begin PBXSourcesBuildPhase section */
		ACCF971B1FF22F1D00303A96 /* Sources */ = {
			isa = PBXSourcesBuildPhase;
			buildActionMask = 2147483647;
			files = (
				ACCF97271FF22F1E00303A96 /* ViewController.m in Sources */,
				ACCF97321FF22F1E00303A96 /* main.m in Sources */,
				ACCF97241FF22F1E00303A96 /* AppDelegate.m in Sources */,
			);
			runOnlyForDeploymentPostprocessing = 0;
		};
/* End PBXSourcesBuildPhase section */

/* Begin PBXVariantGroup section */
		ACCF97281FF22F1E00303A96 /* Main.storyboard */ = {
			isa = PBXVariantGroup;
			children = (
				ACCF97291FF22F1E00303A96 /* Base */,
			);
			name = Main.storyboard;
			sourceTree = "<group>";
		};
		ACCF972D1FF22F1E00303A96 /* LaunchScreen.storyboard */ = {
			isa = PBXVariantGroup;
			children = (
				ACCF972E1FF22F1E00303A96 /* Base */,
			);
			name = LaunchScreen.storyboard;
			sourceTree = "<group>";
		};
/* End PBXVariantGroup section */

/* Begin XCBuildConfiguration section */
		ACCF97331FF22F1E00303A96 /* Debug */ = {
			isa = XCBuildConfiguration;
			buildSettings = {
				ALWAYS_SEARCH_USER_PATHS = NO;
				CLANG_ANALYZER_NONNULL = YES;
				CLANG_ANALYZER_NUMBER_OBJECT_CONVERSION = YES_AGGRESSIVE;
				CLANG_CXX_LANGUAGE_STANDARD = "gnu++14";
				CLANG_CXX_LIBRARY = "libc++";
				CLANG_ENABLE_MODULES = YES;
				CLANG_ENABLE_OBJC_ARC = YES;
				CLANG_WARN_BLOCK_CAPTURE_AUTORELEASING = YES;
				CLANG_WARN_BOOL_CONVERSION = YES;
				CLANG_WARN_COMMA = YES;
				CLANG_WARN_CONSTANT_CONVERSION = YES;
				CLANG_WARN_DIRECT_OBJC_ISA_USAGE = YES_ERROR;
				CLANG_WARN_DOCUMENTATION_COMMENTS = YES;
				CLANG_WARN_EMPTY_BODY = YES;
				CLANG_WARN_ENUM_CONVERSION = YES;
				CLANG_WARN_INFINITE_RECURSION = YES;
				CLANG_WARN_INT_CONVERSION = YES;
				CLANG_WARN_NON_LITERAL_NULL_CONVERSION = YES;
				CLANG_WARN_OBJC_LITERAL_CONVERSION = YES;
				CLANG_WARN_OBJC_ROOT_CLASS = YES_ERROR;
				CLANG_WARN_RANGE_LOOP_ANALYSIS = YES;
				CLANG_WARN_STRICT_PROTOTYPES = YES;
				CLANG_WARN_SUSPICIOUS_MOVE = YES;
				CLANG_WARN_UNGUARDED_AVAILABILITY = YES_AGGRESSIVE;
				CLANG_WARN_UNREACHABLE_CODE = YES;
				CLANG_WARN__DUPLICATE_METHOD_MATCH = YES;
				CODE_SIGN_IDENTITY = "iPhone Developer";
				COPY_PHASE_STRIP = NO;
				DEBUG_INFORMATION_FORMAT = dwarf;
				ENABLE_STRICT_OBJC_MSGSEND = YES;
				ENABLE_TESTABILITY = YES;
				GCC_C_LANGUAGE_STANDARD = gnu11;
				GCC_DYNAMIC_NO_PIC = NO;
				GCC_NO_COMMON_BLOCKS = YES;
				GCC_OPTIMIZATION_LEVEL = 0;
				GCC_PREPROCESSOR_DEFINITIONS = (
					"DEBUG=1",
					"$(inherited)",
				);
				GCC_WARN_64_TO_32_BIT_CONVERSION = YES;
				GCC_WARN_ABOUT_RETURN_TYPE = YES_ERROR;
				GCC_WARN_UNDECLARED_SELECTOR = YES;
				GCC_WARN_UNINITIALIZED_AUTOS = YES_AGGRESSIVE;
				GCC_WARN_UNUSED_FUNCTION = YES;
				GCC_WARN_UNUSED_VARIABLE = YES;
				IPHONEOS_DEPLOYMENT_TARGET = 11.2;
				MTL_ENABLE_DEBUG_INFO = YES;
				ONLY_ACTIVE_ARCH = YES;
				SDKROOT = iphoneos;
			};
			name = Debug;
		};
		ACCF97341FF22F1E00303A96 /* Release */ = {
			isa = XCBuildConfiguration;
			buildSettings = {
				ALWAYS_SEARCH_USER_PATHS = NO;
				CLANG_ANALYZER_NONNULL = YES;
				CLANG_ANALYZER_NUMBER_OBJECT_CONVERSION = YES_AGGRESSIVE;
				CLANG_CXX_LANGUAGE_STANDARD = "gnu++14";
				CLANG_CXX_LIBRARY = "libc++";
				CLANG_ENABLE_MODULES = YES;
				CLANG_ENABLE_OBJC_ARC = YES;
				CLANG_WARN_BLOCK_CAPTURE_AUTORELEASING = YES;
				CLANG_WARN_BOOL_CONVERSION = YES;
				CLANG_WARN_COMMA = YES;
				CLANG_WARN_CONSTANT_CONVERSION = YES;
				CLANG_WARN_DIRECT_OBJC_ISA_USAGE = YES_ERROR;
				CLANG_WARN_DOCUMENTATION_COMMENTS = YES;
				CLANG_WARN_EMPTY_BODY = YES;
				CLANG_WARN_ENUM_CONVERSION = YES;
				CLANG_WARN_INFINITE_RECURSION = YES;
				CLANG_WARN_INT_CONVERSION = YES;
				CLANG_WARN_NON_LITERAL_NULL_CONVERSION = YES;
				CLANG_WARN_OBJC_LITERAL_CONVERSION = YES;
				CLANG_WARN_OBJC_ROOT_CLASS = YES_ERROR;
				CLANG_WARN_RANGE_LOOP_ANALYSIS = YES;
				CLANG_WARN_STRICT_PROTOTYPES = YES;
				CLANG_WARN_SUSPICIOUS_MOVE = YES;
				CLANG_WARN_UNGUARDED_AVAILABILITY = YES_AGGRESSIVE;
				CLANG_WARN_UNREACHABLE_CODE = YES;
				CLANG_WARN__DUPLICATE_METHOD_MATCH = YES;
				CODE_SIGN_IDENTITY = "iPhone Developer";
				COPY_PHASE_STRIP = NO;
				DEBUG_INFORMATION_FORMAT = "dwarf-with-dsym";
				ENABLE_NS_ASSERTIONS = NO;
				ENABLE_STRICT_OBJC_MSGSEND = YES;
				GCC_C_LANGUAGE_STANDARD = gnu11;
				GCC_NO_COMMON_BLOCKS = YES;
				GCC_WARN_64_TO_32_BIT_CONVERSION = YES;
				GCC_WARN_ABOUT_RETURN_TYPE = YES_ERROR;
				GCC_WARN_UNDECLARED_SELECTOR = YES;
				GCC_WARN_UNINITIALIZED_AUTOS = YES_AGGRESSIVE;
				GCC_WARN_UNUSED_FUNCTION = YES;
				GCC_WARN_UNUSED_VARIABLE = YES;
				IPHONEOS_DEPLOYMENT_TARGET = 11.2;
				MTL_ENABLE_DEBUG_INFO = NO;
				SDKROOT = iphoneos;
				VALIDATE_PRODUCT = YES;
			};
			name = Release;
		};
		ACCF97361FF22F1E00303A96 /* Debug */ = {
			isa = XCBuildConfiguration;
			buildSettings = {
				ASSETCATALOG_COMPILER_APPICON_NAME = AppIcon;
				CODE_SIGN_STYLE = Automatic;
				DEVELOPMENT_TEAM = "";
				INFOPLIST_FILE = "多个数合并demo/Info.plist";
				LD_RUNPATH_SEARCH_PATHS = "$(inherited) @executable_path/Frameworks";
				PRODUCT_BUNDLE_IDENTIFIER = "MMH.-----demo";
				PRODUCT_NAME = "$(TARGET_NAME)";
				TARGETED_DEVICE_FAMILY = "1,2";
			};
			name = Debug;
		};
		ACCF97371FF22F1E00303A96 /* Release */ = {
			isa = XCBuildConfiguration;
			buildSettings = {
				ASSETCATALOG_COMPILER_APPICON_NAME = AppIcon;
				CODE_SIGN_STYLE = Automatic;
				DEVELOPMENT_TEAM = "";
				INFOPLIST_FILE = "多个数合并demo/Info.plist";
				LD_RUNPATH_SEARCH_PATHS = "$(inherited) @executable_path/Frameworks";
				PRODUCT_BUNDLE_IDENTIFIER = "MMH.-----demo";
				PRODUCT_NAME = "$(TARGET_NAME)";
				TARGETED_DEVICE_FAMILY = "1,2";
			};
			name = Release;
		};
/* End XCBuildConfiguration section */

/* Begin XCConfigurationList section */
		ACCF971A1FF22F1D00303A96 /* Build configuration list for PBXProject "多个数合并demo" */ = {
			isa = XCConfigurationList;
			buildConfigurations = (
				ACCF97331FF22F1E00303A96 /* Debug */,
				ACCF97341FF22F1E00303A96 /* Release */,
			);
			defaultConfigurationIsVisible = 0;
			defaultConfigurationName = Release;
		};
		ACCF97351FF22F1E00303A96 /* Build configuration list for PBXNativeTarget "多个数合并demo" */ = {
			isa = XCConfigurationList;
			buildConfigurations = (
				ACCF97361FF22F1E00303A96 /* Debug */,
				ACCF97371FF22F1E00303A96 /* Release */,
			);
			defaultConfigurationIsVisible = 0;
			defaultConfigurationName = Release;
		};
/* End XCConfigurationList section */
	};
	rootObject = ACCF97171FF22F1D00303A96 /* Project object */;
}
